
Microsoft Visual Studio Solution File, Format Version 12.00
# Visual Studio Version 17
VisualStudioVersion = 17.14.35821.62 d17.14
MinimumVisualStudioVersion = 10.0.40219.1
Project("{FAE04EC0-301F-11D3-BF4B-00C04F79EFBC}") = "CustomAttributeExample", "CustomAttributeExample\CustomAttributeExample.csproj", "{CA58EBB1-2B71-4E99-9754-255CB253AED6}"
EndProject
Project("{FAE04EC0-301F-11D3-BF4B-00C04F79EFBC}") = "AttributeFormApp", "AttributeFormApp\AttributeFormApp.csproj", "{7FF72B97-6490-4732-AB70-37DDC2B21EAB}"
EndProject
Project("{FAE04EC0-301F-11D3-BF4B-00C04F79EFBC}") = "AttributeConsoleApp", "AttributeConsoleApp\AttributeConsoleApp.csproj", "{4AAF1A85-BAAC-478D-B1EA-AD2609DE277B}"
EndProject
Global
	GlobalSection(SolutionConfigurationPlatforms) = preSolution
		Debug|Any CPU = Debug|Any CPU
		Release|Any CPU = Release|Any CPU
	EndGlobalSection
	GlobalSection(ProjectConfigurationPlatforms) = postSolution
		{CA58EBB1-2B71-4E99-9754-255CB253AED6}.Debug|Any CPU.ActiveCfg = Debug|Any CPU
		{CA58EBB1-2B71-4E99-9754-255CB253AED6}.Debug|Any CPU.Build.0 = Debug|Any CPU
		{CA58EBB1-2B71-4E99-9754-255CB253AED6}.Release|Any CPU.ActiveCfg = Release|Any CPU
		{CA58EBB1-2B71-4E99-9754-255CB253AED6}.Release|Any CPU.Build.0 = Release|Any CPU
		{7FF72B97-6490-4732-AB70-37DDC2B21EAB}.Debug|Any CPU.ActiveCfg = Debug|Any CPU
		{7FF72B97-6490-4732-AB70-37DDC2B21EAB}.Debug|Any CPU.Build.0 = Debug|Any CPU
		{7FF72B97-6490-4732-AB70-37DDC2B21EAB}.Release|Any CPU.ActiveCfg = Release|Any CPU
		{7FF72B97-6490-4732-AB70-37DDC2B21EAB}.Release|Any CPU.Build.0 = Release|Any CPU
		{4AAF1A85-BAAC-478D-B1EA-AD2609DE277B}.Debug|Any CPU.ActiveCfg = Debug|Any CPU
		{4AAF1A85-BAAC-478D-B1EA-AD2609DE277B}.Debug|Any CPU.Build.0 = Debug|Any CPU
		{4AAF1A85-BAAC-478D-B1EA-AD2609DE277B}.Release|Any CPU.ActiveCfg = Release|Any CPU
		{4AAF1A85-BAAC-478D-B1EA-AD2609DE277B}.Release|Any CPU.Build.0 = Release|Any CPU
	EndGlobalSection
	GlobalSection(SolutionProperties) = preSolution
		HideSolutionNode = FALSE
	EndGlobalSection
	GlobalSection(ExtensibilityGlobals) = postSolution
		SolutionGuid = {770B0060-CBCC-4687-AD99-1052AB8E4C80}
	EndGlobalSection
EndGlobal
